
Microsoft Visual Studio Solution File, Format Version 12.00
# Visual Studio Version 16
VisualStudioVersion = 16.0.31515.178
MinimumVisualStudioVersion = 10.0.40219.1
Project("{9A19103F-16F7-4668-BE54-9A1E7A4F7556}") = "MS.Teams.POC.WebApp", "MS.Teams.POC.WebApp\MS.Teams.POC.WebApp.csproj", "{60070FCE-62CC-40D4-8E7E-985502D175B6}"
EndProject
Global
	GlobalSection(SolutionConfigurationPlatforms) = preSolution
		Debug|Any CPU = Debug|Any CPU
		Release|Any CPU = Release|Any CPU
	EndGlobalSection
	GlobalSection(ProjectConfigurationPlatforms) = postSolution
		{60070FCE-62CC-40D4-8E7E-985502D175B6}.Debug|Any CPU.ActiveCfg = Debug|Any CPU
		{60070FCE-62CC-40D4-8E7E-985502D175B6}.Debug|Any CPU.Build.0 = Debug|Any CPU
		{60070FCE-62CC-40D4-8E7E-985502D175B6}.Release|Any CPU.ActiveCfg = Release|Any CPU
		{60070FCE-62CC-40D4-8E7E-985502D175B6}.Release|Any CPU.Build.0 = Release|Any CPU
	EndGlobalSection
	GlobalSection(SolutionProperties) = preSolution
		HideSolutionNode = FALSE
	EndGlobalSection
	GlobalSection(ExtensibilityGlobals) = postSolution
		SolutionGuid = {5BB6E8C2-9F09-4C39-AC2F-DE22CBD08D33}
	EndGlobalSection
EndGlobal
